
Microsoft Visual Studio Solution File, Format Version 12.00
# Visual Studio Version 17
VisualStudioVersion = 17.9.34407.89
MinimumVisualStudioVersion = 10.0.40219.1
Project("{2150E333-8FDC-42A3-9474-1A3956D46DE8}") = "Services", "Services", "{1B46D051-244A-435A-9B8F-4B6B90D80E5A}"
EndProject
Project("{2150E333-8FDC-42A3-9474-1A3956D46DE8}") = "Shared", "Shared", "{6D27BA28-C806-412E-AAFA-D55EAD5D71F5}"
EndProject
Project("{2150E333-8FDC-42A3-9474-1A3956D46DE8}") = "Geteways", "Geteways", "{300C7072-15DF-4484-AB95-9FF2B46840A7}"
EndProject
Project("{2150E333-8FDC-42A3-9474-1A3956D46DE8}") = "Frontends", "Frontends", "{E5A88800-85DB-4487-8EE6-69ABCE960F54}"
EndProject
Project("{2150E333-8FDC-42A3-9474-1A3956D46DE8}") = "IdentityServer", "IdentityServer", "{0350F143-A0E8-4DBA-A5AE-F225BD823F40}"
EndProject
Project("{2150E333-8FDC-42A3-9474-1A3956D46DE8}") = "Basket", "Basket", "{248473CB-5F08-4C4B-99CD-BDC0F80EB518}"
EndProject
Project("{2150E333-8FDC-42A3-9474-1A3956D46DE8}") = "Catalog", "Catalog", "{A736FF1E-6AEC-43D7-A46F-F3F7F200A888}"
EndProject
Project("{2150E333-8FDC-42A3-9474-1A3956D46DE8}") = "Order", "Order", "{381F7F9B-2DB2-4442-AF27-6C30661A5055}"
EndProject
Project("{2150E333-8FDC-42A3-9474-1A3956D46DE8}") = "Discount", "Discount", "{B41A4640-5715-446D-860E-2FDDEFA31118}"
EndProject
Project("{2150E333-8FDC-42A3-9474-1A3956D46DE8}") = "Photostock", "Photostock", "{EBB1372A-C681-4035-A955-0A791595E855}"
EndProject
Project("{2150E333-8FDC-42A3-9474-1A3956D46DE8}") = "Payment", "Payment", "{82F3DB1C-0FB6-4532-A44A-98678E2C79FE}"
EndProject
Project("{2150E333-8FDC-42A3-9474-1A3956D46DE8}") = "Comment", "Comment", "{72508F29-463F-4B8A-B94A-5AECD8DB3529}"
EndProject
Project("{2150E333-8FDC-42A3-9474-1A3956D46DE8}") = "ToDoList", "ToDoList", "{66124723-D86C-4E0D-BF7D-63C51BB1D332}"
EndProject
Project("{2150E333-8FDC-42A3-9474-1A3956D46DE8}") = "Cargo", "Cargo", "{59E10242-089B-4181-8E08-9AF33FEFDAAF}"
EndProject
Project("{9A19103F-16F7-4668-BE54-9A1E7A4F7556}") = "MyAkademiMyAkademiECommerce.Services.Catalog", "Services\Catalog\MyAkademiMyAkademiECommerce.Services.Catalog\MyAkademiMyAkademiECommerce.Services.Catalog.csproj", "{F9D23B48-06CD-41E0-96AC-4961FD986D38}"
EndProject
Project("{9A19103F-16F7-4668-BE54-9A1E7A4F7556}") = "MyAkademiECommerce.Shared", "MyAkademiECommerce.Shared\MyAkademiECommerce.Shared.csproj", "{64718ECD-BDC4-480B-A931-5316BC4EB795}"
EndProject
Project("{9A19103F-16F7-4668-BE54-9A1E7A4F7556}") = "MyAkademiECommerce.Discount", "Services\Discount\MyAkademiECommerce.Discount\MyAkademiECommerce.Discount.csproj", "{AB29756E-0A42-4A07-9FDC-B906C6B622CE}"
EndProject
Project("{2150E333-8FDC-42A3-9474-1A3956D46DE8}") = "Core", "Core", "{957DB6D5-9CE0-42A7-8691-8BC5CBB24B63}"
EndProject
Project("{2150E333-8FDC-42A3-9474-1A3956D46DE8}") = "Infrastructure", "Infrastructure", "{81C94A30-2030-4BFB-821D-82F45D5E2625}"
EndProject
Project("{2150E333-8FDC-42A3-9474-1A3956D46DE8}") = "Presentation", "Presentation", "{6E07F5F6-059B-411D-BCD3-61FB4B540720}"
EndProject
Project("{9A19103F-16F7-4668-BE54-9A1E7A4F7556}") = "MyAkademiECommerce.Order.Domain", "Services\Order\Core\MyAkademiECommerce.Order.Domain\MyAkademiECommerce.Order.Domain.csproj", "{22335993-8BB7-455D-9C43-AD0E941CF9B6}"
EndProject
Project("{9A19103F-16F7-4668-BE54-9A1E7A4F7556}") = "MyAkademiECommerce.Order.Application", "Services\Order\Core\MyAkademiECommerce.Order.Application\MyAkademiECommerce.Order.Application.csproj", "{B1E88C7C-E7DA-4D18-98BC-6CAF2CA937A0}"
EndProject
Project("{9A19103F-16F7-4668-BE54-9A1E7A4F7556}") = "MyAkademiECommerce.Order.Persistence", "Services\Order\Infrastructure\MyAkademiECommerce.Order.Persistence\MyAkademiECommerce.Order.Persistence.csproj", "{069DA645-9ACD-43C5-9B07-4B25BA8EDAEF}"
EndProject
Project("{9A19103F-16F7-4668-BE54-9A1E7A4F7556}") = "MyAkademiECommerce.Order.WebApi", "Services\Order\Presentation\MyAkademiECommerce.Order.WebApi\MyAkademiECommerce.Order.WebApi.csproj", "{6D8330A7-88AC-40F1-9C48-1625B1812F02}"
EndProject
Project("{2150E333-8FDC-42A3-9474-1A3956D46DE8}") = "IdentityServer", "IdentityServer", "{8A76E86B-086F-4DF6-8588-A83FA64C33CF}"
EndProject
Project("{9A19103F-16F7-4668-BE54-9A1E7A4F7556}") = "MyAkademiECommerce.IdentityServer", "IdentityServer\MyAkademiECommerce.IdentityServer\MyAkademiECommerce.IdentityServer.csproj", "{BCFBD07C-32C7-4F5B-B444-FD2105482B56}"
EndProject
Project("{FAE04EC0-301F-11D3-BF4B-00C04F79EFBC}") = "MyAkademiECommerce.Basket", "Services\Basket\MyAkademiECommerce.Basket\MyAkademiECommerce.Basket.csproj", "{982A3275-414F-48CE-8A80-4C90234F7DD8}"
EndProject
Global
	GlobalSection(SolutionConfigurationPlatforms) = preSolution
		Debug|Any CPU = Debug|Any CPU
		Release|Any CPU = Release|Any CPU
	EndGlobalSection
	GlobalSection(ProjectConfigurationPlatforms) = postSolution
		{F9D23B48-06CD-41E0-96AC-4961FD986D38}.Debug|Any CPU.ActiveCfg = Debug|Any CPU
		{F9D23B48-06CD-41E0-96AC-4961FD986D38}.Debug|Any CPU.Build.0 = Debug|Any CPU
		{F9D23B48-06CD-41E0-96AC-4961FD986D38}.Release|Any CPU.ActiveCfg = Release|Any CPU
		{F9D23B48-06CD-41E0-96AC-4961FD986D38}.Release|Any CPU.Build.0 = Release|Any CPU
		{64718ECD-BDC4-480B-A931-5316BC4EB795}.Debug|Any CPU.ActiveCfg = Debug|Any CPU
		{64718ECD-BDC4-480B-A931-5316BC4EB795}.Debug|Any CPU.Build.0 = Debug|Any CPU
		{64718ECD-BDC4-480B-A931-5316BC4EB795}.Release|Any CPU.ActiveCfg = Release|Any CPU
		{64718ECD-BDC4-480B-A931-5316BC4EB795}.Release|Any CPU.Build.0 = Release|Any CPU
		{AB29756E-0A42-4A07-9FDC-B906C6B622CE}.Debug|Any CPU.ActiveCfg = Debug|Any CPU
		{AB29756E-0A42-4A07-9FDC-B906C6B622CE}.Debug|Any CPU.Build.0 = Debug|Any CPU
		{AB29756E-0A42-4A07-9FDC-B906C6B622CE}.Release|Any CPU.ActiveCfg = Release|Any CPU
		{AB29756E-0A42-4A07-9FDC-B906C6B622CE}.Release|Any CPU.Build.0 = Release|Any CPU
		{22335993-8BB7-455D-9C43-AD0E941CF9B6}.Debug|Any CPU.ActiveCfg = Debug|Any CPU
		{22335993-8BB7-455D-9C43-AD0E941CF9B6}.Debug|Any CPU.Build.0 = Debug|Any CPU
		{22335993-8BB7-455D-9C43-AD0E941CF9B6}.Release|Any CPU.ActiveCfg = Release|Any CPU
		{22335993-8BB7-455D-9C43-AD0E941CF9B6}.Release|Any CPU.Build.0 = Release|Any CPU
		{B1E88C7C-E7DA-4D18-98BC-6CAF2CA937A0}.Debug|Any CPU.ActiveCfg = Debug|Any CPU
		{B1E88C7C-E7DA-4D18-98BC-6CAF2CA937A0}.Debug|Any CPU.Build.0 = Debug|Any CPU
		{B1E88C7C-E7DA-4D18-98BC-6CAF2CA937A0}.Release|Any CPU.ActiveCfg = Release|Any CPU
		{B1E88C7C-E7DA-4D18-98BC-6CAF2CA937A0}.Release|Any CPU.Build.0 = Release|Any CPU
		{069DA645-9ACD-43C5-9B07-4B25BA8EDAEF}.Debug|Any CPU.ActiveCfg = Debug|Any CPU
		{069DA645-9ACD-43C5-9B07-4B25BA8EDAEF}.Debug|Any CPU.Build.0 = Debug|Any CPU
		{069DA645-9ACD-43C5-9B07-4B25BA8EDAEF}.Release|Any CPU.ActiveCfg = Release|Any CPU
		{069DA645-9ACD-43C5-9B07-4B25BA8EDAEF}.Release|Any CPU.Build.0 = Release|Any CPU
		{6D8330A7-88AC-40F1-9C48-1625B1812F02}.Debug|Any CPU.ActiveCfg = Debug|Any CPU
		{6D8330A7-88AC-40F1-9C48-1625B1812F02}.Debug|Any CPU.Build.0 = Debug|Any CPU
		{6D8330A7-88AC-40F1-9C48-1625B1812F02}.Release|Any CPU.ActiveCfg = Release|Any CPU
		{6D8330A7-88AC-40F1-9C48-1625B1812F02}.Release|Any CPU.Build.0 = Release|Any CPU
		{BCFBD07C-32C7-4F5B-B444-FD2105482B56}.Debug|Any CPU.ActiveCfg = Debug|Any CPU
		{BCFBD07C-32C7-4F5B-B444-FD2105482B56}.Debug|Any CPU.Build.0 = Debug|Any CPU
		{BCFBD07C-32C7-4F5B-B444-FD2105482B56}.Release|Any CPU.ActiveCfg = Release|Any CPU
		{BCFBD07C-32C7-4F5B-B444-FD2105482B56}.Release|Any CPU.Build.0 = Release|Any CPU
		{982A3275-414F-48CE-8A80-4C90234F7DD8}.Debug|Any CPU.ActiveCfg = Debug|Any CPU
		{982A3275-414F-48CE-8A80-4C90234F7DD8}.Debug|Any CPU.Build.0 = Debug|Any CPU
		{982A3275-414F-48CE-8A80-4C90234F7DD8}.Release|Any CPU.ActiveCfg = Release|Any CPU
		{982A3275-414F-48CE-8A80-4C90234F7DD8}.Release|Any CPU.Build.0 = Release|Any CPU
	EndGlobalSection
	GlobalSection(SolutionProperties) = preSolution
		HideSolutionNode = FALSE
	EndGlobalSection
	GlobalSection(NestedProjects) = preSolution
		{0350F143-A0E8-4DBA-A5AE-F225BD823F40} = {1B46D051-244A-435A-9B8F-4B6B90D80E5A}
		{248473CB-5F08-4C4B-99CD-BDC0F80EB518} = {1B46D051-244A-435A-9B8F-4B6B90D80E5A}
		{A736FF1E-6AEC-43D7-A46F-F3F7F200A888} = {1B46D051-244A-435A-9B8F-4B6B90D80E5A}
		{381F7F9B-2DB2-4442-AF27-6C30661A5055} = {1B46D051-244A-435A-9B8F-4B6B90D80E5A}
		{B41A4640-5715-446D-860E-2FDDEFA31118} = {1B46D051-244A-435A-9B8F-4B6B90D80E5A}
		{EBB1372A-C681-4035-A955-0A791595E855} = {1B46D051-244A-435A-9B8F-4B6B90D80E5A}
		{82F3DB1C-0FB6-4532-A44A-98678E2C79FE} = {1B46D051-244A-435A-9B8F-4B6B90D80E5A}
		{72508F29-463F-4B8A-B94A-5AECD8DB3529} = {1B46D051-244A-435A-9B8F-4B6B90D80E5A}
		{59E10242-089B-4181-8E08-9AF33FEFDAAF} = {1B46D051-244A-435A-9B8F-4B6B90D80E5A}
		{F9D23B48-06CD-41E0-96AC-4961FD986D38} = {A736FF1E-6AEC-43D7-A46F-F3F7F200A888}
		{64718ECD-BDC4-480B-A931-5316BC4EB795} = {6D27BA28-C806-412E-AAFA-D55EAD5D71F5}
		{AB29756E-0A42-4A07-9FDC-B906C6B622CE} = {B41A4640-5715-446D-860E-2FDDEFA31118}
		{957DB6D5-9CE0-42A7-8691-8BC5CBB24B63} = {381F7F9B-2DB2-4442-AF27-6C30661A5055}
		{81C94A30-2030-4BFB-821D-82F45D5E2625} = {381F7F9B-2DB2-4442-AF27-6C30661A5055}
		{6E07F5F6-059B-411D-BCD3-61FB4B540720} = {381F7F9B-2DB2-4442-AF27-6C30661A5055}
		{22335993-8BB7-455D-9C43-AD0E941CF9B6} = {957DB6D5-9CE0-42A7-8691-8BC5CBB24B63}
		{B1E88C7C-E7DA-4D18-98BC-6CAF2CA937A0} = {957DB6D5-9CE0-42A7-8691-8BC5CBB24B63}
		{069DA645-9ACD-43C5-9B07-4B25BA8EDAEF} = {81C94A30-2030-4BFB-821D-82F45D5E2625}
		{6D8330A7-88AC-40F1-9C48-1625B1812F02} = {6E07F5F6-059B-411D-BCD3-61FB4B540720}
		{BCFBD07C-32C7-4F5B-B444-FD2105482B56} = {8A76E86B-086F-4DF6-8588-A83FA64C33CF}
		{982A3275-414F-48CE-8A80-4C90234F7DD8} = {248473CB-5F08-4C4B-99CD-BDC0F80EB518}
	EndGlobalSection
	GlobalSection(ExtensibilityGlobals) = postSolution
		SolutionGuid = {2CE5DB93-2E01-405C-81BC-26F8BC5C6846}
	EndGlobalSection
EndGlobal
